
Microsoft Visual Studio Solution File, Format Version 12.00
# Visual Studio Version 16
VisualStudioVersion = 16.0.30413.136
MinimumVisualStudioVersion = 10.0.40219.1
Project("{FAE04EC0-301F-11D3-BF4B-00C04F79EFBC}") = "PjVsPersoTestSnake", "PjVsPersoTestSnake\PjVsPersoTestSnake.csproj", "{36D19ED2-B3A1-4347-88C2-EFBD498CF36B}"
EndProject
Global
	GlobalSection(SolutionConfigurationPlatforms) = preSolution
		Debug|Any CPU = Debug|Any CPU
		Release|Any CPU = Release|Any CPU
	EndGlobalSection
	GlobalSection(ProjectConfigurationPlatforms) = postSolution
		{36D19ED2-B3A1-4347-88C2-EFBD498CF36B}.Debug|Any CPU.ActiveCfg = Debug|Any CPU
		{36D19ED2-B3A1-4347-88C2-EFBD498CF36B}.Debug|Any CPU.Build.0 = Debug|Any CPU
		{36D19ED2-B3A1-4347-88C2-EFBD498CF36B}.Release|Any CPU.ActiveCfg = Release|Any CPU
		{36D19ED2-B3A1-4347-88C2-EFBD498CF36B}.Release|Any CPU.Build.0 = Release|Any CPU
	EndGlobalSection
	GlobalSection(SolutionProperties) = preSolution
		HideSolutionNode = FALSE
	EndGlobalSection
	GlobalSection(ExtensibilityGlobals) = postSolution
		SolutionGuid = {011CC8B9-5F17-4125-8501-C0384672B9AB}
	EndGlobalSection
EndGlobal
